
Microsoft Visual Studio Solution File, Format Version 12.00
# Visual Studio Version 17
VisualStudioVersion = 17.0.31903.59
MinimumVisualStudioVersion = 10.0.40219.1
Project("{FAE04EC0-301F-11D3-BF4B-00C04F79EFBC}") = "PingStat", "PingStat.csproj", "{19CB2045-C31A-4E13-82C5-CCE055463DBE}"
EndProject
Project("{2150E333-8FDC-42A3-9474-1A3956D46DE8}") = "tests", "tests", "{86A15639-CF98-4A9E-8FEB-FB608DF05C05}"
EndProject
Project("{FAE04EC0-301F-11D3-BF4B-00C04F79EFBC}") = "PingStat.Tests", "tests\PingStat.Tests\PingStat.Tests.csproj", "{35213628-B2D3-492D-8FC5-B70A9E5A615E}"
EndProject
Global
	GlobalSection(SolutionConfigurationPlatforms) = preSolution
		Debug|Any CPU = Debug|Any CPU
		Release|Any CPU = Release|Any CPU
	EndGlobalSection
	GlobalSection(SolutionProperties) = preSolution
		HideSolutionNode = FALSE
	EndGlobalSection
	GlobalSection(ProjectConfigurationPlatforms) = postSolution
		{19CB2045-C31A-4E13-82C5-CCE055463DBE}.Debug|Any CPU.ActiveCfg = Debug|Any CPU
		{19CB2045-C31A-4E13-82C5-CCE055463DBE}.Debug|Any CPU.Build.0 = Debug|Any CPU
		{19CB2045-C31A-4E13-82C5-CCE055463DBE}.Release|Any CPU.ActiveCfg = Release|Any CPU
		{19CB2045-C31A-4E13-82C5-CCE055463DBE}.Release|Any CPU.Build.0 = Release|Any CPU
		{35213628-B2D3-492D-8FC5-B70A9E5A615E}.Debug|Any CPU.ActiveCfg = Debug|Any CPU
		{35213628-B2D3-492D-8FC5-B70A9E5A615E}.Debug|Any CPU.Build.0 = Debug|Any CPU
		{35213628-B2D3-492D-8FC5-B70A9E5A615E}.Release|Any CPU.ActiveCfg = Release|Any CPU
		{35213628-B2D3-492D-8FC5-B70A9E5A615E}.Release|Any CPU.Build.0 = Release|Any CPU
	EndGlobalSection
	GlobalSection(NestedProjects) = preSolution
		{35213628-B2D3-492D-8FC5-B70A9E5A615E} = {86A15639-CF98-4A9E-8FEB-FB608DF05C05}
	EndGlobalSection
EndGlobal
